// !$*UTF8*$!
{
	archiveVersion = 1;
	classes = {
	};
	objectVersion = 50;
	objects = {

/* Begin PBXBuildFile section */
		C900682F283C8A7A0075EFAB /* liblzma.tbd in Frameworks */ = {isa = PBXBuildFile; fileRef = C900682E283C8A700075EFAB /* liblzma.tbd */; };
		C9006836283F35040075EFAB /* input.cpp in Sources */ = {isa = PBXBuildFile; fileRef = C9006834283F35030075EFAB /* input.cpp */; };
		C90402C9283A936A0017EF26 /* sophie.cpp in Sources */ = {isa = PBXBuildFile; fileRef = C90402C8283A936A0017EF26 /* sophie.cpp */; };
		C90402D7283A97710017EF26 /* CoreMedia.framework in Frameworks */ = {isa = PBXBuildFile; fileRef = C90402D6283A97710017EF26 /* CoreMedia.framework */; };
		C90402DA283A97790017EF26 /* AudioToolbox.framework in Frameworks */ = {isa = PBXBuildFile; fileRef = C90402D9283A97790017EF26 /* AudioToolbox.framework */; };
		C90402DD283A97800017EF26 /* CoreVideo.framework in Frameworks */ = {isa = PBXBuildFile; fileRef = C90402DC283A97800017EF26 /* CoreVideo.framework */; };
		C90402E0283A97880017EF26 /* VideoDecodeAcceleration.framework in Frameworks */ = {isa = PBXBuildFile; fileRef = C90402DF283A97880017EF26 /* VideoDecodeAcceleration.framework */; };
		C90402E3283A97900017EF26 /* VideoToolbox.framework in Frameworks */ = {isa = PBXBuildFile; fileRef = C90402E2283A97900017EF26 /* VideoToolbox.framework */; };
		C90402E6283A97970017EF26 /* libz.tbd in Frameworks */ = {isa = PBXBuildFile; fileRef = C90402E5283A97970017EF26 /* libz.tbd */; };
		C90402EC283A97C40017EF26 /* libbz2.tbd in Frameworks */ = {isa = PBXBuildFile; fileRef = C90402EB283A97C40017EF26 /* libbz2.tbd */; };
		C90402EF283A97E40017EF26 /* libiconv.2.tbd in Frameworks */ = {isa = PBXBuildFile; fileRef = C90402EE283A97E40017EF26 /* libiconv.2.tbd */; };
		C90402F5283B22360017EF26 /* Security.framework in Frameworks */ = {isa = PBXBuildFile; fileRef = C90402F4283B22360017EF26 /* Security.framework */; };
		C90402F9283B41080017EF26 /* output.cpp in Sources */ = {isa = PBXBuildFile; fileRef = C90402F7283B41080017EF26 /* output.cpp */; };
/* End PBXBuildFile section */

/* Begin PBXCopyFilesBuildPhase section */
		C90402C3283A936A0017EF26 /* CopyFiles */ = {
			isa = PBXCopyFilesBuildPhase;
			buildActionMask = 2147483647;
			dstPath = /usr/share/man/man1/;
			dstSubfolderSpec = 0;
			files = (
			);
			runOnlyForDeploymentPostprocessing = 1;
		};
/* End PBXCopyFilesBuildPhase section */

/* Begin PBXFileReference section */
		C900682E283C8A700075EFAB /* liblzma.tbd */ = {isa = PBXFileReference; lastKnownFileType = "sourcecode.text-based-dylib-definition"; name = liblzma.tbd; path = usr/lib/liblzma.tbd; sourceTree = SDKROOT; };
		C9006834283F35030075EFAB /* input.cpp */ = {isa = PBXFileReference; lastKnownFileType = sourcecode.cpp.cpp; path = input.cpp; sourceTree = "<group>"; };
		C9006835283F35030075EFAB /* input.h */ = {isa = PBXFileReference; lastKnownFileType = sourcecode.c.h; path = input.h; sourceTree = "<group>"; };
		C900683B28401F010075EFAB /* util.h */ = {isa = PBXFileReference; lastKnownFileType = sourcecode.c.h; path = util.h; sourceTree = "<group>"; };
		C90402C5283A936A0017EF26 /* sophie */ = {isa = PBXFileReference; explicitFileType = "compiled.mach-o.executable"; includeInIndex = 0; path = sophie; sourceTree = BUILT_PRODUCTS_DIR; };
		C90402C8283A936A0017EF26 /* sophie.cpp */ = {isa = PBXFileReference; lastKnownFileType = sourcecode.cpp.cpp; path = sophie.cpp; sourceTree = "<group>"; };
		C90402D6283A97710017EF26 /* CoreMedia.framework */ = {isa = PBXFileReference; lastKnownFileType = wrapper.framework; name = CoreMedia.framework; path = System/Library/Frameworks/CoreMedia.framework; sourceTree = SDKROOT; };
		C90402D9283A97790017EF26 /* AudioToolbox.framework */ = {isa = PBXFileReference; lastKnownFileType = wrapper.framework; name = AudioToolbox.framework; path = System/Library/Frameworks/AudioToolbox.framework; sourceTree = SDKROOT; };
		C90402DC283A97800017EF26 /* CoreVideo.framework */ = {isa = PBXFileReference; lastKnownFileType = wrapper.framework; name = CoreVideo.framework; path = System/Library/Frameworks/CoreVideo.framework; sourceTree = SDKROOT; };
		C90402DF283A97880017EF26 /* VideoDecodeAcceleration.framework */ = {isa = PBXFileReference; lastKnownFileType = wrapper.framework; name = VideoDecodeAcceleration.framework; path = System/Library/Frameworks/VideoDecodeAcceleration.framework; sourceTree = SDKROOT; };
		C90402E2283A97900017EF26 /* VideoToolbox.framework */ = {isa = PBXFileReference; lastKnownFileType = wrapper.framework; name = VideoToolbox.framework; path = System/Library/Frameworks/VideoToolbox.framework; sourceTree = SDKROOT; };
		C90402E5283A97970017EF26 /* libz.tbd */ = {isa = PBXFileReference; lastKnownFileType = "sourcecode.text-based-dylib-definition"; name = libz.tbd; path = usr/lib/libz.tbd; sourceTree = SDKROOT; };
		C90402EB283A97C40017EF26 /* libbz2.tbd */ = {isa = PBXFileReference; lastKnownFileType = "sourcecode.text-based-dylib-definition"; name = libbz2.tbd; path = usr/lib/libbz2.tbd; sourceTree = SDKROOT; };
		C90402EE283A97E40017EF26 /* libiconv.2.tbd */ = {isa = PBXFileReference; lastKnownFileType = "sourcecode.text-based-dylib-definition"; name = libiconv.2.tbd; path = usr/lib/libiconv.2.tbd; sourceTree = SDKROOT; };
		C90402F4283B22360017EF26 /* Security.framework */ = {isa = PBXFileReference; lastKnownFileType = wrapper.framework; name = Security.framework; path = System/Library/Frameworks/Security.framework; sourceTree = SDKROOT; };
		C90402F7283B41080017EF26 /* output.cpp */ = {isa = PBXFileReference; lastKnownFileType = sourcecode.cpp.cpp; path = output.cpp; sourceTree = "<group>"; };
		C90402F8283B41080017EF26 /* output.h */ = {isa = PBXFileReference; lastKnownFileType = sourcecode.c.h; path = output.h; sourceTree = "<group>"; };
/* End PBXFileReference section */

/* Begin PBXFrameworksBuildPhase section */
		C90402C2283A936A0017EF26 /* Frameworks */ = {
			isa = PBXFrameworksBuildPhase;
			buildActionMask = 2147483647;
			files = (
				C900682F283C8A7A0075EFAB /* liblzma.tbd in Frameworks */,
				C90402EF283A97E40017EF26 /* libiconv.2.tbd in Frameworks */,
				C90402EC283A97C40017EF26 /* libbz2.tbd in Frameworks */,
				C90402E6283A97970017EF26 /* libz.tbd in Frameworks */,
				C90402E3283A97900017EF26 /* VideoToolbox.framework in Frameworks */,
				C90402E0283A97880017EF26 /* VideoDecodeAcceleration.framework in Frameworks */,
				C90402DD283A97800017EF26 /* CoreVideo.framework in Frameworks */,
				C90402DA283A97790017EF26 /* AudioToolbox.framework in Frameworks */,
				C90402D7283A97710017EF26 /* CoreMedia.framework in Frameworks */,
				C90402F5283B22360017EF26 /* Security.framework in Frameworks */,
			);
			runOnlyForDeploymentPostprocessing = 0;
		};
/* End PBXFrameworksBuildPhase section */

/* Begin PBXGroup section */
		C90402BC283A936A0017EF26 = {
			isa = PBXGroup;
			children = (
				C90402C7283A936A0017EF26 /* sophie */,
				C90402D5283A97710017EF26 /* Frameworks */,
				C90402C6283A936A0017EF26 /* Products */,
			);
			sourceTree = "<group>";
		};
		C90402C6283A936A0017EF26 /* Products */ = {
			isa = PBXGroup;
			children = (
				C90402C5283A936A0017EF26 /* sophie */,
			);
			name = Products;
			sourceTree = "<group>";
		};
		C90402C7283A936A0017EF26 /* sophie */ = {
			isa = PBXGroup;
			children = (
				C90402C8283A936A0017EF26 /* sophie.cpp */,
				C9006834283F35030075EFAB /* input.cpp */,
				C9006835283F35030075EFAB /* input.h */,
				C90402F7283B41080017EF26 /* output.cpp */,
				C90402F8283B41080017EF26 /* output.h */,
				C900683B28401F010075EFAB /* util.h */,
			);
			path = sophie;
			sourceTree = "<group>";
		};
		C90402D5283A97710017EF26 /* Frameworks */ = {
			isa = PBXGroup;
			children = (
				C90402D9283A97790017EF26 /* AudioToolbox.framework */,
				C90402D6283A97710017EF26 /* CoreMedia.framework */,
				C90402DC283A97800017EF26 /* CoreVideo.framework */,
				C90402F4283B22360017EF26 /* Security.framework */,
				C90402DF283A97880017EF26 /* VideoDecodeAcceleration.framework */,
				C90402E2283A97900017EF26 /* VideoToolbox.framework */,
				C90402EB283A97C40017EF26 /* libbz2.tbd */,
				C90402EE283A97E40017EF26 /* libiconv.2.tbd */,
				C900682E283C8A700075EFAB /* liblzma.tbd */,
				C90402E5283A97970017EF26 /* libz.tbd */,
			);
			name = Frameworks;
			sourceTree = "<group>";
		};
/* End PBXGroup section */

/* Begin PBXNativeTarget section */
		C90402C4283A936A0017EF26 /* sophie */ = {
			isa = PBXNativeTarget;
			buildConfigurationList = C90402CC283A936A0017EF26 /* Build configuration list for PBXNativeTarget "sophie" */;
			buildPhases = (
				C90402C1283A936A0017EF26 /* Sources */,
				C90402C2283A936A0017EF26 /* Frameworks */,
				C90402C3283A936A0017EF26 /* CopyFiles */,
			);
			buildRules = (
			);
			dependencies = (
			);
			name = sophie;
			productName = sophie;
			productReference = C90402C5283A936A0017EF26 /* sophie */;
			productType = "com.apple.product-type.tool";
		};
/* End PBXNativeTarget section */

/* Begin PBXProject section */
		C90402BD283A936A0017EF26 /* Project object */ = {
			isa = PBXProject;
			attributes = {
				LastUpgradeCheck = 1240;
				TargetAttributes = {
					C90402C4283A936A0017EF26 = {
						CreatedOnToolsVersion = 12.4;
					};
				};
			};
			buildConfigurationList = C90402C0283A936A0017EF26 /* Build configuration list for PBXProject "sophie" */;
			compatibilityVersion = "Xcode 9.3";
			developmentRegion = en;
			hasScannedForEncodings = 0;
			knownRegions = (
				en,
				Base,
			);
			mainGroup = C90402BC283A936A0017EF26;
			productRefGroup = C90402C6283A936A0017EF26 /* Products */;
			projectDirPath = "";
			projectRoot = "";
			targets = (
				C90402C4283A936A0017EF26 /* sophie */,
			);
		};
/* End PBXProject section */

/* Begin PBXSourcesBuildPhase section */
		C90402C1283A936A0017EF26 /* Sources */ = {
			isa = PBXSourcesBuildPhase;
			buildActionMask = 2147483647;
			files = (
				C90402F9283B41080017EF26 /* output.cpp in Sources */,
				C90402C9283A936A0017EF26 /* sophie.cpp in Sources */,
				C9006836283F35040075EFAB /* input.cpp in Sources */,
			);
			runOnlyForDeploymentPostprocessing = 0;
		};
/* End PBXSourcesBuildPhase section */

/* Begin XCBuildConfiguration section */
		C90402CA283A936A0017EF26 /* Debug */ = {
			isa = XCBuildConfiguration;
			buildSettings = {
				ALWAYS_SEARCH_USER_PATHS = NO;
				CLANG_ANALYZER_NONNULL = YES;
				CLANG_ANALYZER_NUMBER_OBJECT_CONVERSION = YES_AGGRESSIVE;
				CLANG_CXX_LANGUAGE_STANDARD = "c++17";
				CLANG_CXX_LIBRARY = "libc++";
				CLANG_ENABLE_MODULES = YES;
				CLANG_ENABLE_OBJC_ARC = YES;
				CLANG_ENABLE_OBJC_WEAK = YES;
				CLANG_WARN_BLOCK_CAPTURE_AUTORELEASING = YES;
				CLANG_WARN_BOOL_CONVERSION = YES;
				CLANG_WARN_COMMA = YES;
				CLANG_WARN_CONSTANT_CONVERSION = YES;
				CLANG_WARN_DEPRECATED_OBJC_IMPLEMENTATIONS = YES;
				CLANG_WARN_DIRECT_OBJC_ISA_USAGE = YES_ERROR;
				CLANG_WARN_DOCUMENTATION_COMMENTS = YES;
				CLANG_WARN_EMPTY_BODY = YES;
				CLANG_WARN_ENUM_CONVERSION = YES;
				CLANG_WARN_INFINITE_RECURSION = YES;
				CLANG_WARN_INT_CONVERSION = YES;
				CLANG_WARN_NON_LITERAL_NULL_CONVERSION = YES;
				CLANG_WARN_OBJC_IMPLICIT_RETAIN_SELF = YES;
				CLANG_WARN_OBJC_LITERAL_CONVERSION = YES;
				CLANG_WARN_OBJC_ROOT_CLASS = YES_ERROR;
				CLANG_WARN_QUOTED_INCLUDE_IN_FRAMEWORK_HEADER = YES;
				CLANG_WARN_RANGE_LOOP_ANALYSIS = YES;
				CLANG_WARN_STRICT_PROTOTYPES = YES;
				CLANG_WARN_SUSPICIOUS_MOVE = YES;
				CLANG_WARN_UNGUARDED_AVAILABILITY = YES_AGGRESSIVE;
				CLANG_WARN_UNREACHABLE_CODE = YES;
				CLANG_WARN__DUPLICATE_METHOD_MATCH = YES;
				COPY_PHASE_STRIP = NO;
				DEBUG_INFORMATION_FORMAT = dwarf;
				ENABLE_STRICT_OBJC_MSGSEND = YES;
				ENABLE_TESTABILITY = YES;
				GCC_C_LANGUAGE_STANDARD = c11;
				GCC_DYNAMIC_NO_PIC = NO;
				GCC_NO_COMMON_BLOCKS = YES;
				GCC_OPTIMIZATION_LEVEL = 0;
				GCC_PREPROCESSOR_DEFINITIONS = (
					"DEBUG=1",
					"$(inherited)",
				);
				GCC_WARN_64_TO_32_BIT_CONVERSION = YES;
				GCC_WARN_ABOUT_RETURN_TYPE = YES_ERROR;
				GCC_WARN_UNDECLARED_SELECTOR = YES;
				GCC_WARN_UNINITIALIZED_AUTOS = YES_AGGRESSIVE;
				GCC_WARN_UNUSED_FUNCTION = YES;
				GCC_WARN_UNUSED_VARIABLE = YES;
				MACOSX_DEPLOYMENT_TARGET = 10.15;
				MTL_ENABLE_DEBUG_INFO = INCLUDE_SOURCE;
				MTL_FAST_MATH = YES;
				ONLY_ACTIVE_ARCH = YES;
				SDKROOT = macosx;
			};
			name = Debug;
		};
		C90402CB283A936A0017EF26 /* Release */ = {
			isa = XCBuildConfiguration;
			buildSettings = {
				ALWAYS_SEARCH_USER_PATHS = NO;
				CLANG_ANALYZER_NONNULL = YES;
				CLANG_ANALYZER_NUMBER_OBJECT_CONVERSION = YES_AGGRESSIVE;
				CLANG_CXX_LANGUAGE_STANDARD = "c++17";
				CLANG_CXX_LIBRARY = "libc++";
				CLANG_ENABLE_MODULES = YES;
				CLANG_ENABLE_OBJC_ARC = YES;
				CLANG_ENABLE_OBJC_WEAK = YES;
				CLANG_WARN_BLOCK_CAPTURE_AUTORELEASING = YES;
				CLANG_WARN_BOOL_CONVERSION = YES;
				CLANG_WARN_COMMA = YES;
				CLANG_WARN_CONSTANT_CONVERSION = YES;
				CLANG_WARN_DEPRECATED_OBJC_IMPLEMENTATIONS = YES;
				CLANG_WARN_DIRECT_OBJC_ISA_USAGE = YES_ERROR;
				CLANG_WARN_DOCUMENTATION_COMMENTS = YES;
				CLANG_WARN_EMPTY_BODY = YES;
				CLANG_WARN_ENUM_CONVERSION = YES;
				CLANG_WARN_INFINITE_RECURSION = YES;
				CLANG_WARN_INT_CONVERSION = YES;
				CLANG_WARN_NON_LITERAL_NULL_CONVERSION = YES;
				CLANG_WARN_OBJC_IMPLICIT_RETAIN_SELF = YES;
				CLANG_WARN_OBJC_LITERAL_CONVERSION = YES;
				CLANG_WARN_OBJC_ROOT_CLASS = YES_ERROR;
				CLANG_WARN_QUOTED_INCLUDE_IN_FRAMEWORK_HEADER = YES;
				CLANG_WARN_RANGE_LOOP_ANALYSIS = YES;
				CLANG_WARN_STRICT_PROTOTYPES = YES;
				CLANG_WARN_SUSPICIOUS_MOVE = YES;
				CLANG_WARN_UNGUARDED_AVAILABILITY = YES_AGGRESSIVE;
				CLANG_WARN_UNREACHABLE_CODE = YES;
				CLANG_WARN__DUPLICATE_METHOD_MATCH = YES;
				COPY_PHASE_STRIP = NO;
				DEBUG_INFORMATION_FORMAT = "dwarf-with-dsym";
				ENABLE_NS_ASSERTIONS = NO;
				ENABLE_STRICT_OBJC_MSGSEND = YES;
				GCC_C_LANGUAGE_STANDARD = c11;
				GCC_NO_COMMON_BLOCKS = YES;
				GCC_WARN_64_TO_32_BIT_CONVERSION = YES;
				GCC_WARN_ABOUT_RETURN_TYPE = YES_ERROR;
				GCC_WARN_UNDECLARED_SELECTOR = YES;
				GCC_WARN_UNINITIALIZED_AUTOS = YES_AGGRESSIVE;
				GCC_WARN_UNUSED_FUNCTION = YES;
				GCC_WARN_UNUSED_VARIABLE = YES;
				MACOSX_DEPLOYMENT_TARGET = 10.15;
				MTL_ENABLE_DEBUG_INFO = NO;
				MTL_FAST_MATH = YES;
				SDKROOT = macosx;
			};
			name = Release;
		};
		C90402CD283A936A0017EF26 /* Debug */ = {
			isa = XCBuildConfiguration;
			buildSettings = {
				CODE_SIGN_STYLE = Automatic;
				LIBRARY_SEARCH_PATHS = "$(SRCROOT)/../install/usr/local/lib";
				OTHER_LDFLAGS = (
					"-lavcodec",
					"-lavformat",
					"-lavutil",
					"-lswresample",
					"-lswscale",
				);
				PRODUCT_NAME = "$(TARGET_NAME)";
				SYSTEM_HEADER_SEARCH_PATHS = "$(SRCROOT)/../install/usr/local/include/";
			};
			name = Debug;
		};
		C90402CE283A936A0017EF26 /* Release */ = {
			isa = XCBuildConfiguration;
			buildSettings = {
				CODE_SIGN_STYLE = Automatic;
				LIBRARY_SEARCH_PATHS = "$(SRCROOT)/../install/usr/local/lib";
				OTHER_LDFLAGS = (
					"-lavcodec",
					"-lavformat",
					"-lavutil",
					"-lswresample",
					"-lswscale",
				);
				PRODUCT_NAME = "$(TARGET_NAME)";
				SYSTEM_HEADER_SEARCH_PATHS = "$(SRCROOT)/../install/usr/local/include/";
			};
			name = Release;
		};
/* End XCBuildConfiguration section */

/* Begin XCConfigurationList section */
		C90402C0283A936A0017EF26 /* Build configuration list for PBXProject "sophie" */ = {
			isa = XCConfigurationList;
			buildConfigurations = (
				C90402CA283A936A0017EF26 /* Debug */,
				C90402CB283A936A0017EF26 /* Release */,
			);
			defaultConfigurationIsVisible = 0;
			defaultConfigurationName = Release;
		};
		C90402CC283A936A0017EF26 /* Build configuration list for PBXNativeTarget "sophie" */ = {
			isa = XCConfigurationList;
			buildConfigurations = (
				C90402CD283A936A0017EF26 /* Debug */,
				C90402CE283A936A0017EF26 /* Release */,
			);
			defaultConfigurationIsVisible = 0;
			defaultConfigurationName = Release;
		};
/* End XCConfigurationList section */
	};
	rootObject = C90402BD283A936A0017EF26 /* Project object */;
}
